
Microsoft Visual Studio Solution File, Format Version 12.00
# Visual Studio Version 17
VisualStudioVersion = 17.10.35122.118
MinimumVisualStudioVersion = 10.0.40219.1
Project("{FAE04EC0-301F-11D3-BF4B-00C04F79EFBC}") = "examSecondTask", "examSecondTask.csproj", "{014A1CC8-4597-4AA7-996A-390E34EF73C7}"
EndProject
Global
	GlobalSection(SolutionConfigurationPlatforms) = preSolution
		Debug|Any CPU = Debug|Any CPU
		Release|Any CPU = Release|Any CPU
	EndGlobalSection
	GlobalSection(ProjectConfigurationPlatforms) = postSolution
		{014A1CC8-4597-4AA7-996A-390E34EF73C7}.Debug|Any CPU.ActiveCfg = Debug|Any CPU
		{014A1CC8-4597-4AA7-996A-390E34EF73C7}.Debug|Any CPU.Build.0 = Debug|Any CPU
		{014A1CC8-4597-4AA7-996A-390E34EF73C7}.Release|Any CPU.ActiveCfg = Release|Any CPU
		{014A1CC8-4597-4AA7-996A-390E34EF73C7}.Release|Any CPU.Build.0 = Release|Any CPU
	EndGlobalSection
	GlobalSection(SolutionProperties) = preSolution
		HideSolutionNode = FALSE
	EndGlobalSection
	GlobalSection(ExtensibilityGlobals) = postSolution
		SolutionGuid = {953785E4-6CBC-49B6-AA7B-3214C03971B1}
	EndGlobalSection
EndGlobal
